
Microsoft Visual Studio Solution File, Format Version 12.00
# Visual Studio Version 17
VisualStudioVersion = 17.5.33516.290
MinimumVisualStudioVersion = 10.0.40219.1
Project("{FAE04EC0-301F-11D3-BF4B-00C04F79EFBC}") = "bytebank_GeradorChavePix", "bytebank_GeradorChavePix\bytebank_GeradorChavePix.csproj", "{8E08F04F-D956-4AEE-91A7-81034AE4BA63}"
EndProject
Global
	GlobalSection(SolutionConfigurationPlatforms) = preSolution
		Debug|Any CPU = Debug|Any CPU
		Release|Any CPU = Release|Any CPU
	EndGlobalSection
	GlobalSection(ProjectConfigurationPlatforms) = postSolution
		{8E08F04F-D956-4AEE-91A7-81034AE4BA63}.Debug|Any CPU.ActiveCfg = Debug|Any CPU
		{8E08F04F-D956-4AEE-91A7-81034AE4BA63}.Debug|Any CPU.Build.0 = Debug|Any CPU
		{8E08F04F-D956-4AEE-91A7-81034AE4BA63}.Release|Any CPU.ActiveCfg = Release|Any CPU
		{8E08F04F-D956-4AEE-91A7-81034AE4BA63}.Release|Any CPU.Build.0 = Release|Any CPU
	EndGlobalSection
	GlobalSection(SolutionProperties) = preSolution
		HideSolutionNode = FALSE
	EndGlobalSection
	GlobalSection(ExtensibilityGlobals) = postSolution
		SolutionGuid = {3EE52C48-57BF-498C-B248-B0C39CCE718C}
	EndGlobalSection
EndGlobal
